{
  "nodes": {
    "base16-schemes": {
      "flake": false,
      "locked": {
        "lastModified": 1696158499,
        "narHash": "sha256-5yIHgDTPjoX/3oDEfLSQ0eJZdFL1SaCfb9d6M0RmOTM=",
        "owner": "tinted-theming",
        "repo": "base16-schemes",
        "rev": "a9112eaae86d9dd8ee6bb9445b664fba2f94037a",
        "type": "github"
      },
      "original": {
        "owner": "tinted-theming",
        "repo": "base16-schemes",
        "type": "github"
      }
    },
    "catppuccin-userstyles": {
      "flake": false,
      "locked": {
        "lastModified": 1788137499,
        "narHash": "sha256-oKpvon4OzRHQbEgkD6O+93/2ljb2xH5fwf3GEyIWF2A=",
        "owner": "catppuccin",
        "repo": "userstyles",
        "rev": "7fba4b34fa82270e1c98bcd84bbd20a8b4480251",
        "type": "github"
      },
      "original": {
        "owner": "catppuccin",
        "repo": "userstyles",
        "type": "github"
      }
    },
    "discord-userstyle": {
      "flake": false,
      "locked": {
        "narHash": "sha256-kQK+xOaUBqWXtGhyS2GuSMztQAMy7/jIz85mhjgBiDw=",
        "type": "file",
        "url": "https://catppuccin.github.io/discord/dist/catppuccin-mocha.theme.css"
      },
      "original": {
        "type": "file",
        "url": "https://catppuccin.github.io/discord/dist/catppuccin-mocha.theme.css"
      }
    },
    "nix-colors": {
      "inputs": {
        "base16-schemes": "base16-schemes",
        "nixpkgs-lib": [
          "nixpkgs"
        ]
      },
      "locked": {
        "lastModified": 1707825078,
        "narHash": "sha256-hTfge2J2W+42SZ7VHXkf4kjU+qzFqPeC9k66jAUBMHk=",
        "owner": "misterio77",
        "repo": "nix-colors",
        "rev": "b01f024090d2c4fc3152cd0cf12027a7b8453ba1",
        "type": "github"
      },
      "original": {
        "owner": "misterio77",
        "repo": "nix-colors",
        "type": "github"
      }
    },
    "nixpkgs": {
      "locked": {
        "lastModified": 1788039129,
        "narHash": "sha256-pa4Q0qErvCvzCaaUph7Sm37RhR4xvPrYI8Lgz6k85+A=",
        "owner": "NixOS",
        "repo": "nixpkgs",
        "rev": "d2f67949798825fe853f7c5d0492b8bf016d3f88",
        "type": "github"
      },
      "original": {
        "owner": "NixOS",
        "ref": "nixos-unstable",
        "repo": "nixpkgs",
        "type": "github"
      }
    },
    "root": {
      "inputs": {
        "catppuccin-userstyles": "catppuccin-userstyles",
        "discord-userstyle": "discord-userstyle",
        "nix-colors": "nix-colors",
        "nixpkgs": "nixpkgs"
      }
    }
  },
  "root": "root",
  "version": 7
}
