{
  "nodes": {
    "base16-schemes": {
      "flake": false,
      "locked": {
        "lastModified": 1696158499,
        "narHash": "sha256-5yIHgDTPjoX/3oDEfLSQ0eJZdFL1SaCfb9d6M0RmOTM=",
        "owner": "tinted-theming",
        "repo": "base16-schemes",
        "rev": "a9112eaae86d9dd8ee6bb9445b664fba2f94037a",
        "type": "github"
      },
      "original": {
        "owner": "tinted-theming",
        "repo": "base16-schemes",
        "type": "github"
      }
    },
    "catppuccin-userstyles": {
      "flake": false,
      "locked": {
        "lastModified": 1787810812,
        "narHash": "sha256-qSF8FEgzUmAIZf3Ez82kYuWK/ykCjxrRBenzRSS2vW8=",
        "owner": "catppuccin",
        "repo": "userstyles",
        "rev": "d6a80b96745b1c1722d170bbf7b2068c8acbe1f7",
        "type": "github"
      },
      "original": {
        "owner": "catppuccin",
        "repo": "userstyles",
        "type": "github"
      }
    },
    "discord-userstyle": {
      "flake": false,
      "locked": {
        "narHash": "sha256-kQK+xOaUBqWXtGhyS2GuSMztQAMy7/jIz85mhjgBiDw=",
        "type": "file",
        "url": "https://catppuccin.github.io/discord/dist/catppuccin-mocha.theme.css"
      },
      "original": {
        "type": "file",
        "url": "https://catppuccin.github.io/discord/dist/catppuccin-mocha.theme.css"
      }
    },
    "nix-colors": {
      "inputs": {
        "base16-schemes": "base16-schemes",
        "nixpkgs-lib": [
          "nixpkgs"
        ]
      },
      "locked": {
        "lastModified": 1707825078,
        "narHash": "sha256-hTfge2J2W+42SZ7VHXkf4kjU+qzFqPeC9k66jAUBMHk=",
        "owner": "misterio77",
        "repo": "nix-colors",
        "rev": "b01f024090d2c4fc3152cd0cf12027a7b8453ba1",
        "type": "github"
      },
      "original": {
        "owner": "misterio77",
        "repo": "nix-colors",
        "type": "github"
      }
    },
    "nixpkgs": {
      "locked": {
        "lastModified": 1787498568,
        "narHash": "sha256-9i/VTdusq/+NM/tz+J1Re+ojkMB8MBf0QshnYfzHz30=",
        "owner": "NixOS",
        "repo": "nixpkgs",
        "rev": "56c02bc00adcf003215cc4bd996d6efaf4cff188",
        "type": "github"
      },
      "original": {
        "owner": "NixOS",
        "ref": "nixos-unstable",
        "repo": "nixpkgs",
        "type": "github"
      }
    },
    "root": {
      "inputs": {
        "catppuccin-userstyles": "catppuccin-userstyles",
        "discord-userstyle": "discord-userstyle",
        "nix-colors": "nix-colors",
        "nixpkgs": "nixpkgs"
      }
    }
  },
  "root": "root",
  "version": 7
}
